{
  "name": "ub-modules-shim",
  "version": "1.0.0",
  "lockfileVersion": 1,
  "requires": true,
  "dependencies": {
    "es-module-lexer": {
      "version": "0.3.26",
      "resolved": "https://registry.npmjs.org/es-module-lexer/-/es-module-lexer-0.3.26.tgz",
      "integrity": "sha512-Va0Q/xqtrss45hWzP8CZJwzGSZJjDM5/MJRE3IXXnUCcVLElR9BRaE9F62BopysASyc4nM3uwhSW7FFB9nlWAA=="
    },
    "es-module-shims": {
      "version": "0.7.1",
      "resolved": "https://registry.npmjs.org/es-module-shims/-/es-module-shims-0.7.1.tgz",
      "integrity": "sha512-UI+xniqnrP+1YrhJNYLlSMucKp/NX7vbPXgXrvSczfrr9cDKcrgXgtiCuxuohqP+1x5cW1JHy9iIZ7Mnk4+5SQ=="
    },
    "esbuild": {
      "version": "0.8.16",
      "resolved": "https://registry.npmjs.org/esbuild/-/esbuild-0.8.16.tgz",
      "integrity": "sha512-HMvPNxDIhEGO/YUh8oO8oxQ1g+ttWz2anUF7NJmQglj2XfJS8zd8mP0Sb2y+jE1SVk3UjD/rYhdsEOFULN9/xw==",
      "dev": true
    }
  }
}
